// !$*UTF8*$!
{
	archiveVersion = 1;
	classes = {
	};
	objectVersion = 48;
	objects = {

/* Begin PBXBuildFile section */
		205413082182165000721C7C /* CoreDataManager.swift in Sources */ = {isa = PBXBuildFile; fileRef = 205413072182165000721C7C /* CoreDataManager.swift */; };
		2054130C21821A7300721C7C /* Notes.xcdatamodeld in Sources */ = {isa = PBXBuildFile; fileRef = 2054130A21821A7300721C7C /* Notes.xcdatamodeld */; };
		CC6A79361FC7111500781E1F /* AppDelegate.swift in Sources */ = {isa = PBXBuildFile; fileRef = CC6A79351FC7111500781E1F /* AppDelegate.swift */; };
		CC6A79381FC7111500781E1F /* ViewController.swift in Sources */ = {isa = PBXBuildFile; fileRef = CC6A79371FC7111500781E1F /* ViewController.swift */; };
		CC6A793D1FC7111500781E1F /* Assets.xcassets in Resources */ = {isa = PBXBuildFile; fileRef = CC6A793C1FC7111500781E1F /* Assets.xcassets */; };
		CC6A794F1FC7118000781E1F /* Main.storyboard in Resources */ = {isa = PBXBuildFile; fileRef = CC6A794D1FC7118000781E1F /* Main.storyboard */; };
		CC6A79501FC7118000781E1F /* LaunchScreen.storyboard in Resources */ = {isa = PBXBuildFile; fileRef = CC6A794E1FC7118000781E1F /* LaunchScreen.storyboard */; };
/* End PBXBuildFile section */

/* Begin PBXFileReference section */
		205413072182165000721C7C /* CoreDataManager.swift */ = {isa = PBXFileReference; lastKnownFileType = sourcecode.swift; path = CoreDataManager.swift; sourceTree = "<group>"; };
		2054130B21821A7300721C7C /* Notes.xcdatamodel */ = {isa = PBXFileReference; lastKnownFileType = wrapper.xcdatamodel; path = Notes.xcdatamodel; sourceTree = "<group>"; };
		CC6A79321FC7111500781E1F /* Notes.app */ = {isa = PBXFileReference; explicitFileType = wrapper.application; includeInIndex = 0; path = Notes.app; sourceTree = BUILT_PRODUCTS_DIR; };
		CC6A79351FC7111500781E1F /* AppDelegate.swift */ = {isa = PBXFileReference; lastKnownFileType = sourcecode.swift; path = AppDelegate.swift; sourceTree = "<group>"; };
		CC6A79371FC7111500781E1F /* ViewController.swift */ = {isa = PBXFileReference; lastKnownFileType = sourcecode.swift; path = ViewController.swift; sourceTree = "<group>"; };
		CC6A793C1FC7111500781E1F /* Assets.xcassets */ = {isa = PBXFileReference; lastKnownFileType = folder.assetcatalog; path = Assets.xcassets; sourceTree = "<group>"; };
		CC6A79411FC7111500781E1F /* Info.plist */ = {isa = PBXFileReference; lastKnownFileType = text.plist.xml; path = Info.plist; sourceTree = "<group>"; };
		CC6A794D1FC7118000781E1F /* Main.storyboard */ = {isa = PBXFileReference; fileEncoding = 4; lastKnownFileType = file.storyboard; path = Main.storyboard; sourceTree = "<group>"; };
		CC6A794E1FC7118000781E1F /* LaunchScreen.storyboard */ = {isa = PBXFileReference; fileEncoding = 4; lastKnownFileType = file.storyboard; path = LaunchScreen.storyboard; sourceTree = "<group>"; };
/* End PBXFileReference section */

/* Begin PBXFrameworksBuildPhase section */
		CC6A792F1FC7111500781E1F /* Frameworks */ = {
			isa = PBXFrameworksBuildPhase;
			buildActionMask = 2147483647;
			files = (
			);
			runOnlyForDeploymentPostprocessing = 0;
		};
/* End PBXFrameworksBuildPhase section */

/* Begin PBXGroup section */
		205413062182163700721C7C /* Managers */ = {
			isa = PBXGroup;
			children = (
				205413072182165000721C7C /* CoreDataManager.swift */,
			);
			path = Managers;
			sourceTree = "<group>";
		};
		2054130921821A4500721C7C /* Core Data */ = {
			isa = PBXGroup;
			children = (
				2054130A21821A7300721C7C /* Notes.xcdatamodeld */,
			);
			path = "Core Data";
			sourceTree = "<group>";
		};
		CC6A79291FC7111500781E1F = {
			isa = PBXGroup;
			children = (
				CC6A79341FC7111500781E1F /* Notes */,
				CC6A79331FC7111500781E1F /* Products */,
			);
			sourceTree = "<group>";
		};
		CC6A79331FC7111500781E1F /* Products */ = {
			isa = PBXGroup;
			children = (
				CC6A79321FC7111500781E1F /* Notes.app */,
			);
			name = Products;
			sourceTree = "<group>";
		};
		CC6A79341FC7111500781E1F /* Notes */ = {
			isa = PBXGroup;
			children = (
				2054130921821A4500721C7C /* Core Data */,
				205413062182163700721C7C /* Managers */,
				CC6A79471FC7112500781E1F /* Application Delegate */,
				CC6A79481FC7112E00781E1F /* View Controllers */,
				CC6A794B1FC7114B00781E1F /* Storyboards */,
				CC6A794A1FC7113F00781E1F /* Resources */,
				CC6A794C1FC7115800781E1F /* Supporting Files */,
			);
			path = Notes;
			sourceTree = "<group>";
		};
		CC6A79471FC7112500781E1F /* Application Delegate */ = {
			isa = PBXGroup;
			children = (
				CC6A79351FC7111500781E1F /* AppDelegate.swift */,
			);
			path = "Application Delegate";
			sourceTree = "<group>";
		};
		CC6A79481FC7112E00781E1F /* View Controllers */ = {
			isa = PBXGroup;
			children = (
				CC6A79491FC7113400781E1F /* Root View Controller */,
			);
			path = "View Controllers";
			sourceTree = "<group>";
		};
		CC6A79491FC7113400781E1F /* Root View Controller */ = {
			isa = PBXGroup;
			children = (
				CC6A79371FC7111500781E1F /* ViewController.swift */,
			);
			path = "Root View Controller";
			sourceTree = "<group>";
		};
		CC6A794A1FC7113F00781E1F /* Resources */ = {
			isa = PBXGroup;
			children = (
				CC6A793C1FC7111500781E1F /* Assets.xcassets */,
			);
			path = Resources;
			sourceTree = "<group>";
		};
		CC6A794B1FC7114B00781E1F /* Storyboards */ = {
			isa = PBXGroup;
			children = (
				CC6A794E1FC7118000781E1F /* LaunchScreen.storyboard */,
				CC6A794D1FC7118000781E1F /* Main.storyboard */,
			);
			path = Storyboards;
			sourceTree = "<group>";
		};
		CC6A794C1FC7115800781E1F /* Supporting Files */ = {
			isa = PBXGroup;
			children = (
				CC6A79411FC7111500781E1F /* Info.plist */,
			);
			path = "Supporting Files";
			sourceTree = "<group>";
		};
/* End PBXGroup section */

/* Begin PBXNativeTarget section */
		CC6A79311FC7111500781E1F /* Notes */ = {
			isa = PBXNativeTarget;
			buildConfigurationList = CC6A79441FC7111500781E1F /* Build configuration list for PBXNativeTarget "Notes" */;
			buildPhases = (
				CC6A792E1FC7111500781E1F /* Sources */,
				CC6A792F1FC7111500781E1F /* Frameworks */,
				CC6A79301FC7111500781E1F /* Resources */,
			);
			buildRules = (
			);
			dependencies = (
			);
			name = Notes;
			productName = Notes;
			productReference = CC6A79321FC7111500781E1F /* Notes.app */;
			productType = "com.apple.product-type.application";
		};
/* End PBXNativeTarget section */

/* Begin PBXProject section */
		CC6A792A1FC7111500781E1F /* Project object */ = {
			isa = PBXProject;
			attributes = {
				LastSwiftUpdateCheck = 0910;
				LastUpgradeCheck = 1000;
				ORGANIZATIONNAME = Cocoacasts;
				TargetAttributes = {
					CC6A79311FC7111500781E1F = {
						CreatedOnToolsVersion = 9.1;
						LastSwiftMigration = 1000;
						ProvisioningStyle = Automatic;
					};
				};
			};
			buildConfigurationList = CC6A792D1FC7111500781E1F /* Build configuration list for PBXProject "Notes" */;
			compatibilityVersion = "Xcode 8.0";
			developmentRegion = en;
			hasScannedForEncodings = 0;
			knownRegions = (
				en,
				Base,
			);
			mainGroup = CC6A79291FC7111500781E1F;
			productRefGroup = CC6A79331FC7111500781E1F /* Products */;
			projectDirPath = "";
			projectRoot = "";
			targets = (
				CC6A79311FC7111500781E1F /* Notes */,
			);
		};
/* End PBXProject section */

/* Begin PBXResourcesBuildPhase section */
		CC6A79301FC7111500781E1F /* Resources */ = {
			isa = PBXResourcesBuildPhase;
			buildActionMask = 2147483647;
			files = (
				CC6A79501FC7118000781E1F /* LaunchScreen.storyboard in Resources */,
				CC6A793D1FC7111500781E1F /* Assets.xcassets in Resources */,
				CC6A794F1FC7118000781E1F /* Main.storyboard in Resources */,
			);
			runOnlyForDeploymentPostprocessing = 0;
		};
/* End PBXResourcesBuildPhase section */

/* Begin PBXSourcesBuildPhase section */
		CC6A792E1FC7111500781E1F /* Sources */ = {
			isa = PBXSourcesBuildPhase;
			buildActionMask = 2147483647;
			files = (
				205413082182165000721C7C /* CoreDataManager.swift in Sources */,
				CC6A79381FC7111500781E1F /* ViewController.swift in Sources */,
				CC6A79361FC7111500781E1F /* AppDelegate.swift in Sources */,
				2054130C21821A7300721C7C /* Notes.xcdatamodeld in Sources */,
			);
			runOnlyForDeploymentPostprocessing = 0;
		};
/* End PBXSourcesBuildPhase section */

/* Begin XCBuildConfiguration section */
		CC6A79421FC7111500781E1F /* Debug */ = {
			isa = XCBuildConfiguration;
			buildSettings = {
				ALWAYS_SEARCH_USER_PATHS = NO;
				CLANG_ANALYZER_NONNULL = YES;
				CLANG_ANALYZER_NUMBER_OBJECT_CONVERSION = YES_AGGRESSIVE;
				CLANG_CXX_LANGUAGE_STANDARD = "gnu++14";
				CLANG_CXX_LIBRARY = "libc++";
				CLANG_ENABLE_MODULES = YES;
				CLANG_ENABLE_OBJC_ARC = YES;
				CLANG_WARN_BLOCK_CAPTURE_AUTORELEASING = YES;
				CLANG_WARN_BOOL_CONVERSION = YES;
				CLANG_WARN_COMMA = YES;
				CLANG_WARN_CONSTANT_CONVERSION = YES;
				CLANG_WARN_DEPRECATED_OBJC_IMPLEMENTATIONS = YES;
				CLANG_WARN_DIRECT_OBJC_ISA_USAGE = YES_ERROR;
				CLANG_WARN_DOCUMENTATION_COMMENTS = YES;
				CLANG_WARN_EMPTY_BODY = YES;
				CLANG_WARN_ENUM_CONVERSION = YES;
				CLANG_WARN_INFINITE_RECURSION = YES;
				CLANG_WARN_INT_CONVERSION = YES;
				CLANG_WARN_NON_LITERAL_NULL_CONVERSION = YES;
				CLANG_WARN_OBJC_IMPLICIT_RETAIN_SELF = YES;
				CLANG_WARN_OBJC_LITERAL_CONVERSION = YES;
				CLANG_WARN_OBJC_ROOT_CLASS = YES_ERROR;
				CLANG_WARN_RANGE_LOOP_ANALYSIS = YES;
				CLANG_WARN_STRICT_PROTOTYPES = YES;
				CLANG_WARN_SUSPICIOUS_MOVE = YES;
				CLANG_WARN_UNGUARDED_AVAILABILITY = YES_AGGRESSIVE;
				CLANG_WARN_UNREACHABLE_CODE = YES;
				CLANG_WARN__DUPLICATE_METHOD_MATCH = YES;
				CODE_SIGN_IDENTITY = "iPhone Developer";
				COPY_PHASE_STRIP = NO;
				DEBUG_INFORMATION_FORMAT = dwarf;
				ENABLE_STRICT_OBJC_MSGSEND = YES;
				ENABLE_TESTABILITY = YES;
				GCC_C_LANGUAGE_STANDARD = gnu11;
				GCC_DYNAMIC_NO_PIC = NO;
				GCC_NO_COMMON_BLOCKS = YES;
				GCC_OPTIMIZATION_LEVEL = 0;
				GCC_PREPROCESSOR_DEFINITIONS = (
					"DEBUG=1",
					"$(inherited)",
				);
				GCC_WARN_64_TO_32_BIT_CONVERSION = YES;
				GCC_WARN_ABOUT_RETURN_TYPE = YES_ERROR;
				GCC_WARN_UNDECLARED_SELECTOR = YES;
				GCC_WARN_UNINITIALIZED_AUTOS = YES_AGGRESSIVE;
				GCC_WARN_UNUSED_FUNCTION = YES;
				GCC_WARN_UNUSED_VARIABLE = YES;
				IPHONEOS_DEPLOYMENT_TARGET = 11.1;
				MTL_ENABLE_DEBUG_INFO = YES;
				ONLY_ACTIVE_ARCH = YES;
				SDKROOT = iphoneos;
				SWIFT_ACTIVE_COMPILATION_CONDITIONS = DEBUG;
				SWIFT_OPTIMIZATION_LEVEL = "-Onone";
			};
			name = Debug;
		};
		CC6A79431FC7111500781E1F /* Release */ = {
			isa = XCBuildConfiguration;
			buildSettings = {
				ALWAYS_SEARCH_USER_PATHS = NO;
				CLANG_ANALYZER_NONNULL = YES;
				CLANG_ANALYZER_NUMBER_OBJECT_CONVERSION = YES_AGGRESSIVE;
				CLANG_CXX_LANGUAGE_STANDARD = "gnu++14";
				CLANG_CXX_LIBRARY = "libc++";
				CLANG_ENABLE_MODULES = YES;
				CLANG_ENABLE_OBJC_ARC = YES;
				CLANG_WARN_BLOCK_CAPTURE_AUTORELEASING = YES;
				CLANG_WARN_BOOL_CONVERSION = YES;
				CLANG_WARN_COMMA = YES;
				CLANG_WARN_CONSTANT_CONVERSION = YES;
				CLANG_WARN_DEPRECATED_OBJC_IMPLEMENTATIONS = YES;
				CLANG_WARN_DIRECT_OBJC_ISA_USAGE = YES_ERROR;
				CLANG_WARN_DOCUMENTATION_COMMENTS = YES;
				CLANG_WARN_EMPTY_BODY = YES;
				CLANG_WARN_ENUM_CONVERSION = YES;
				CLANG_WARN_INFINITE_RECURSION = YES;
				CLANG_WARN_INT_CONVERSION = YES;
				CLANG_WARN_NON_LITERAL_NULL_CONVERSION = YES;
				CLANG_WARN_OBJC_IMPLICIT_RETAIN_SELF = YES;
				CLANG_WARN_OBJC_LITERAL_CONVERSION = YES;
				CLANG_WARN_OBJC_ROOT_CLASS = YES_ERROR;
				CLANG_WARN_RANGE_LOOP_ANALYSIS = YES;
				CLANG_WARN_STRICT_PROTOTYPES = YES;
				CLANG_WARN_SUSPICIOUS_MOVE = YES;
				CLANG_WARN_UNGUARDED_AVAILABILITY = YES_AGGRESSIVE;
				CLANG_WARN_UNREACHABLE_CODE = YES;
				CLANG_WARN__DUPLICATE_METHOD_MATCH = YES;
				CODE_SIGN_IDENTITY = "iPhone Developer";
				COPY_PHASE_STRIP = NO;
				DEBUG_INFORMATION_FORMAT = "dwarf-with-dsym";
				ENABLE_NS_ASSERTIONS = NO;
				ENABLE_STRICT_OBJC_MSGSEND = YES;
				GCC_C_LANGUAGE_STANDARD = gnu11;
				GCC_NO_COMMON_BLOCKS = YES;
				GCC_WARN_64_TO_32_BIT_CONVERSION = YES;
				GCC_WARN_ABOUT_RETURN_TYPE = YES_ERROR;
				GCC_WARN_UNDECLARED_SELECTOR = YES;
				GCC_WARN_UNINITIALIZED_AUTOS = YES_AGGRESSIVE;
				GCC_WARN_UNUSED_FUNCTION = YES;
				GCC_WARN_UNUSED_VARIABLE = YES;
				IPHONEOS_DEPLOYMENT_TARGET = 11.1;
				MTL_ENABLE_DEBUG_INFO = NO;
				SDKROOT = iphoneos;
				SWIFT_OPTIMIZATION_LEVEL = "-Owholemodule";
				VALIDATE_PRODUCT = YES;
			};
			name = Release;
		};
		CC6A79451FC7111500781E1F /* Debug */ = {
			isa = XCBuildConfiguration;
			buildSettings = {
				ASSETCATALOG_COMPILER_APPICON_NAME = AppIcon;
				CODE_SIGN_STYLE = Automatic;
				DEVELOPMENT_TEAM = 978YYWA6NH;
				INFOPLIST_FILE = "$(SRCROOT)/Notes/Supporting Files/Info.plist";
				IPHONEOS_DEPLOYMENT_TARGET = 10.0;
				LD_RUNPATH_SEARCH_PATHS = "$(inherited) @executable_path/Frameworks";
				PRODUCT_BUNDLE_IDENTIFIER = com.tobiomotayo.Notes;
				PRODUCT_NAME = "$(TARGET_NAME)";
				SWIFT_VERSION = 4.2;
				TARGETED_DEVICE_FAMILY = 1;
			};
			name = Debug;
		};
		CC6A79461FC7111500781E1F /* Release */ = {
			isa = XCBuildConfiguration;
			buildSettings = {
				ASSETCATALOG_COMPILER_APPICON_NAME = AppIcon;
				CODE_SIGN_STYLE = Automatic;
				DEVELOPMENT_TEAM = 978YYWA6NH;
				INFOPLIST_FILE = "$(SRCROOT)/Notes/Supporting Files/Info.plist";
				IPHONEOS_DEPLOYMENT_TARGET = 10.0;
				LD_RUNPATH_SEARCH_PATHS = "$(inherited) @executable_path/Frameworks";
				PRODUCT_BUNDLE_IDENTIFIER = com.tobiomotayo.Notes;
				PRODUCT_NAME = "$(TARGET_NAME)";
				SWIFT_VERSION = 4.2;
				TARGETED_DEVICE_FAMILY = 1;
			};
			name = Release;
		};
/* End XCBuildConfiguration section */

/* Begin XCConfigurationList section */
		CC6A792D1FC7111500781E1F /* Build configuration list for PBXProject "Notes" */ = {
			isa = XCConfigurationList;
			buildConfigurations = (
				CC6A79421FC7111500781E1F /* Debug */,
				CC6A79431FC7111500781E1F /* Release */,
			);
			defaultConfigurationIsVisible = 0;
			defaultConfigurationName = Release;
		};
		CC6A79441FC7111500781E1F /* Build configuration list for PBXNativeTarget "Notes" */ = {
			isa = XCConfigurationList;
			buildConfigurations = (
				CC6A79451FC7111500781E1F /* Debug */,
				CC6A79461FC7111500781E1F /* Release */,
			);
			defaultConfigurationIsVisible = 0;
			defaultConfigurationName = Release;
		};
/* End XCConfigurationList section */

/* Begin XCVersionGroup section */
		2054130A21821A7300721C7C /* Notes.xcdatamodeld */ = {
			isa = XCVersionGroup;
			children = (
				2054130B21821A7300721C7C /* Notes.xcdatamodel */,
			);
			currentVersion = 2054130B21821A7300721C7C /* Notes.xcdatamodel */;
			path = Notes.xcdatamodeld;
			sourceTree = "<group>";
			versionGroupType = wrapper.xcdatamodel;
		};
/* End XCVersionGroup section */
	};
	rootObject = CC6A792A1FC7111500781E1F /* Project object */;
}
